
Microsoft Visual Studio Solution File, Format Version 12.00
# Visual Studio Version 17
VisualStudioVersion = 17.4.33403.182
MinimumVisualStudioVersion = 10.0.40219.1
Project("{FAE04EC0-301F-11D3-BF4B-00C04F79EFBC}") = "Test Program", "Test Program\Test Program.csproj", "{A73E6EA4-8EA7-4F46-802D-7F41595C279A}"
EndProject
Global
	GlobalSection(SolutionConfigurationPlatforms) = preSolution
		Debug|Any CPU = Debug|Any CPU
		Release|Any CPU = Release|Any CPU
	EndGlobalSection
	GlobalSection(ProjectConfigurationPlatforms) = postSolution
		{A73E6EA4-8EA7-4F46-802D-7F41595C279A}.Debug|Any CPU.ActiveCfg = Debug|Any CPU
		{A73E6EA4-8EA7-4F46-802D-7F41595C279A}.Debug|Any CPU.Build.0 = Debug|Any CPU
		{A73E6EA4-8EA7-4F46-802D-7F41595C279A}.Release|Any CPU.ActiveCfg = Release|Any CPU
		{A73E6EA4-8EA7-4F46-802D-7F41595C279A}.Release|Any CPU.Build.0 = Release|Any CPU
	EndGlobalSection
	GlobalSection(SolutionProperties) = preSolution
		HideSolutionNode = FALSE
	EndGlobalSection
	GlobalSection(ExtensibilityGlobals) = postSolution
		SolutionGuid = {0DCF3AB9-CBB7-475B-8927-D32DC6B343D8}
	EndGlobalSection
EndGlobal
